// !$*UTF8*$!
{
	archiveVersion = 1;
	classes = {
	};
	objectVersion = 48;
	objects = {

/* Begin PBXBuildFile section */
		2A27B6261FA1CCD700CE9810 /* AppDelegate.swift in Sources */ = {isa = PBXBuildFile; fileRef = 2A27B6251FA1CCD700CE9810 /* AppDelegate.swift */; };
		2A27B6281FA1CCD700CE9810 /* ViewController.swift in Sources */ = {isa = PBXBuildFile; fileRef = 2A27B6271FA1CCD700CE9810 /* ViewController.swift */; };
		2A27B62B1FA1CCD700CE9810 /* Main.storyboard in Resources */ = {isa = PBXBuildFile; fileRef = 2A27B6291FA1CCD700CE9810 /* Main.storyboard */; };
		2A27B62D1FA1CCD700CE9810 /* Assets.xcassets in Resources */ = {isa = PBXBuildFile; fileRef = 2A27B62C1FA1CCD700CE9810 /* Assets.xcassets */; };
		2A27B6301FA1CCD700CE9810 /* LaunchScreen.storyboard in Resources */ = {isa = PBXBuildFile; fileRef = 2A27B62E1FA1CCD700CE9810 /* LaunchScreen.storyboard */; };
		2A27B63B1FA1CD4500CE9810 /* libCaptuvoSDK.a in Frameworks */ = {isa = PBXBuildFile; fileRef = 2A27B63A1FA1CD4500CE9810 /* libCaptuvoSDK.a */; };
/* End PBXBuildFile section */

/* Begin PBXFileReference section */
		2A27B6221FA1CCD700CE9810 /* MFBStockManagement.app */ = {isa = PBXFileReference; explicitFileType = wrapper.application; includeInIndex = 0; path = MFBStockManagement.app; sourceTree = BUILT_PRODUCTS_DIR; };
		2A27B6251FA1CCD700CE9810 /* AppDelegate.swift */ = {isa = PBXFileReference; lastKnownFileType = sourcecode.swift; path = AppDelegate.swift; sourceTree = "<group>"; };
		2A27B6271FA1CCD700CE9810 /* ViewController.swift */ = {isa = PBXFileReference; lastKnownFileType = sourcecode.swift; path = ViewController.swift; sourceTree = "<group>"; };
		2A27B62A1FA1CCD700CE9810 /* Base */ = {isa = PBXFileReference; lastKnownFileType = file.storyboard; name = Base; path = Base.lproj/Main.storyboard; sourceTree = "<group>"; };
		2A27B62C1FA1CCD700CE9810 /* Assets.xcassets */ = {isa = PBXFileReference; lastKnownFileType = folder.assetcatalog; path = Assets.xcassets; sourceTree = "<group>"; };
		2A27B62F1FA1CCD700CE9810 /* Base */ = {isa = PBXFileReference; lastKnownFileType = file.storyboard; name = Base; path = Base.lproj/LaunchScreen.storyboard; sourceTree = "<group>"; };
		2A27B6311FA1CCD700CE9810 /* Info.plist */ = {isa = PBXFileReference; lastKnownFileType = text.plist.xml; path = Info.plist; sourceTree = "<group>"; };
		2A27B63A1FA1CD4500CE9810 /* libCaptuvoSDK.a */ = {isa = PBXFileReference; lastKnownFileType = archive.ar; path = libCaptuvoSDK.a; sourceTree = "<group>"; };
		2A27B63C1FA1CD4D00CE9810 /* Captuvo.h */ = {isa = PBXFileReference; fileEncoding = 4; lastKnownFileType = sourcecode.c.h; path = Captuvo.h; sourceTree = "<group>"; };
		2A27B63D1FA1CDA400CE9810 /* MFBStockManagement-Bridging-Header.h */ = {isa = PBXFileReference; lastKnownFileType = sourcecode.c.h; path = "MFBStockManagement-Bridging-Header.h"; sourceTree = "<group>"; };
/* End PBXFileReference section */

/* Begin PBXFrameworksBuildPhase section */
		2A27B61F1FA1CCD700CE9810 /* Frameworks */ = {
			isa = PBXFrameworksBuildPhase;
			buildActionMask = 2147483647;
			files = (
				2A27B63B1FA1CD4500CE9810 /* libCaptuvoSDK.a in Frameworks */,
			);
			runOnlyForDeploymentPostprocessing = 0;
		};
/* End PBXFrameworksBuildPhase section */

/* Begin PBXGroup section */
		2A27B6191FA1CCD700CE9810 = {
			isa = PBXGroup;
			children = (
				2A27B6371FA1CCF900CE9810 /* Captuvo */,
				2A27B6241FA1CCD700CE9810 /* MFBStockManagement */,
				2A27B6231FA1CCD700CE9810 /* Products */,
			);
			sourceTree = "<group>";
		};
		2A27B6231FA1CCD700CE9810 /* Products */ = {
			isa = PBXGroup;
			children = (
				2A27B6221FA1CCD700CE9810 /* MFBStockManagement.app */,
			);
			name = Products;
			sourceTree = "<group>";
		};
		2A27B6241FA1CCD700CE9810 /* MFBStockManagement */ = {
			isa = PBXGroup;
			children = (
				2A27B6251FA1CCD700CE9810 /* AppDelegate.swift */,
				2A27B6271FA1CCD700CE9810 /* ViewController.swift */,
				2A27B6291FA1CCD700CE9810 /* Main.storyboard */,
				2A27B62C1FA1CCD700CE9810 /* Assets.xcassets */,
				2A27B62E1FA1CCD700CE9810 /* LaunchScreen.storyboard */,
				2A27B6311FA1CCD700CE9810 /* Info.plist */,
			);
			path = MFBStockManagement;
			sourceTree = "<group>";
		};
		2A27B6371FA1CCF900CE9810 /* Captuvo */ = {
			isa = PBXGroup;
			children = (
				2A27B6391FA1CD0400CE9810 /* Lib */,
				2A27B6381FA1CCFF00CE9810 /* Include */,
				2A27B63D1FA1CDA400CE9810 /* MFBStockManagement-Bridging-Header.h */,
			);
			path = Captuvo;
			sourceTree = "<group>";
		};
		2A27B6381FA1CCFF00CE9810 /* Include */ = {
			isa = PBXGroup;
			children = (
				2A27B63C1FA1CD4D00CE9810 /* Captuvo.h */,
			);
			path = Include;
			sourceTree = "<group>";
		};
		2A27B6391FA1CD0400CE9810 /* Lib */ = {
			isa = PBXGroup;
			children = (
				2A27B63A1FA1CD4500CE9810 /* libCaptuvoSDK.a */,
			);
			path = Lib;
			sourceTree = "<group>";
		};
/* End PBXGroup section */

/* Begin PBXNativeTarget section */
		2A27B6211FA1CCD700CE9810 /* MFBStockManagement */ = {
			isa = PBXNativeTarget;
			buildConfigurationList = 2A27B6341FA1CCD700CE9810 /* Build configuration list for PBXNativeTarget "MFBStockManagement" */;
			buildPhases = (
				2A27B61E1FA1CCD700CE9810 /* Sources */,
				2A27B61F1FA1CCD700CE9810 /* Frameworks */,
				2A27B6201FA1CCD700CE9810 /* Resources */,
			);
			buildRules = (
			);
			dependencies = (
			);
			name = MFBStockManagement;
			productName = MFBStockManagement;
			productReference = 2A27B6221FA1CCD700CE9810 /* MFBStockManagement.app */;
			productType = "com.apple.product-type.application";
		};
/* End PBXNativeTarget section */

/* Begin PBXProject section */
		2A27B61A1FA1CCD700CE9810 /* Project object */ = {
			isa = PBXProject;
			attributes = {
				LastSwiftUpdateCheck = 0900;
				LastUpgradeCheck = 0900;
				ORGANIZATIONNAME = MFB;
				TargetAttributes = {
					2A27B6211FA1CCD700CE9810 = {
						CreatedOnToolsVersion = 9.0.1;
						LastSwiftMigration = 0900;
						ProvisioningStyle = Automatic;
					};
				};
			};
			buildConfigurationList = 2A27B61D1FA1CCD700CE9810 /* Build configuration list for PBXProject "MFBStockManagement" */;
			compatibilityVersion = "Xcode 8.0";
			developmentRegion = en;
			hasScannedForEncodings = 0;
			knownRegions = (
				en,
				Base,
			);
			mainGroup = 2A27B6191FA1CCD700CE9810;
			productRefGroup = 2A27B6231FA1CCD700CE9810 /* Products */;
			projectDirPath = "";
			projectRoot = "";
			targets = (
				2A27B6211FA1CCD700CE9810 /* MFBStockManagement */,
			);
		};
/* End PBXProject section */

/* Begin PBXResourcesBuildPhase section */
		2A27B6201FA1CCD700CE9810 /* Resources */ = {
			isa = PBXResourcesBuildPhase;
			buildActionMask = 2147483647;
			files = (
				2A27B6301FA1CCD700CE9810 /* LaunchScreen.storyboard in Resources */,
				2A27B62D1FA1CCD700CE9810 /* Assets.xcassets in Resources */,
				2A27B62B1FA1CCD700CE9810 /* Main.storyboard in Resources */,
			);
			runOnlyForDeploymentPostprocessing = 0;
		};
/* End PBXResourcesBuildPhase section */

/* Begin PBXSourcesBuildPhase section */
		2A27B61E1FA1CCD700CE9810 /* Sources */ = {
			isa = PBXSourcesBuildPhase;
			buildActionMask = 2147483647;
			files = (
				2A27B6281FA1CCD700CE9810 /* ViewController.swift in Sources */,
				2A27B6261FA1CCD700CE9810 /* AppDelegate.swift in Sources */,
			);
			runOnlyForDeploymentPostprocessing = 0;
		};
/* End PBXSourcesBuildPhase section */

/* Begin PBXVariantGroup section */
		2A27B6291FA1CCD700CE9810 /* Main.storyboard */ = {
			isa = PBXVariantGroup;
			children = (
				2A27B62A1FA1CCD700CE9810 /* Base */,
			);
			name = Main.storyboard;
			sourceTree = "<group>";
		};
		2A27B62E1FA1CCD700CE9810 /* LaunchScreen.storyboard */ = {
			isa = PBXVariantGroup;
			children = (
				2A27B62F1FA1CCD700CE9810 /* Base */,
			);
			name = LaunchScreen.storyboard;
			sourceTree = "<group>";
		};
/* End PBXVariantGroup section */

/* Begin XCBuildConfiguration section */
		2A27B6321FA1CCD700CE9810 /* Debug */ = {
			isa = XCBuildConfiguration;
			buildSettings = {
				ALWAYS_SEARCH_USER_PATHS = NO;
				CLANG_ANALYZER_NONNULL = YES;
				CLANG_ANALYZER_NUMBER_OBJECT_CONVERSION = YES_AGGRESSIVE;
				CLANG_CXX_LANGUAGE_STANDARD = "gnu++14";
				CLANG_CXX_LIBRARY = "libc++";
				CLANG_ENABLE_MODULES = YES;
				CLANG_ENABLE_OBJC_ARC = YES;
				CLANG_WARN_BLOCK_CAPTURE_AUTORELEASING = YES;
				CLANG_WARN_BOOL_CONVERSION = YES;
				CLANG_WARN_COMMA = YES;
				CLANG_WARN_CONSTANT_CONVERSION = YES;
				CLANG_WARN_DIRECT_OBJC_ISA_USAGE = YES_ERROR;
				CLANG_WARN_DOCUMENTATION_COMMENTS = YES;
				CLANG_WARN_EMPTY_BODY = YES;
				CLANG_WARN_ENUM_CONVERSION = YES;
				CLANG_WARN_INFINITE_RECURSION = YES;
				CLANG_WARN_INT_CONVERSION = YES;
				CLANG_WARN_NON_LITERAL_NULL_CONVERSION = YES;
				CLANG_WARN_OBJC_LITERAL_CONVERSION = YES;
				CLANG_WARN_OBJC_ROOT_CLASS = YES_ERROR;
				CLANG_WARN_RANGE_LOOP_ANALYSIS = YES;
				CLANG_WARN_STRICT_PROTOTYPES = YES;
				CLANG_WARN_SUSPICIOUS_MOVE = YES;
				CLANG_WARN_UNGUARDED_AVAILABILITY = YES_AGGRESSIVE;
				CLANG_WARN_UNREACHABLE_CODE = YES;
				CLANG_WARN__DUPLICATE_METHOD_MATCH = YES;
				CODE_SIGN_IDENTITY = "iPhone Developer";
				COPY_PHASE_STRIP = NO;
				DEBUG_INFORMATION_FORMAT = dwarf;
				ENABLE_STRICT_OBJC_MSGSEND = YES;
				ENABLE_TESTABILITY = YES;
				GCC_C_LANGUAGE_STANDARD = gnu11;
				GCC_DYNAMIC_NO_PIC = NO;
				GCC_NO_COMMON_BLOCKS = YES;
				GCC_OPTIMIZATION_LEVEL = 0;
				GCC_PREPROCESSOR_DEFINITIONS = (
					"DEBUG=1",
					"$(inherited)",
				);
				GCC_WARN_64_TO_32_BIT_CONVERSION = YES;
				GCC_WARN_ABOUT_RETURN_TYPE = YES_ERROR;
				GCC_WARN_UNDECLARED_SELECTOR = YES;
				GCC_WARN_UNINITIALIZED_AUTOS = YES_AGGRESSIVE;
				GCC_WARN_UNUSED_FUNCTION = YES;
				GCC_WARN_UNUSED_VARIABLE = YES;
				IPHONEOS_DEPLOYMENT_TARGET = 11.0;
				MTL_ENABLE_DEBUG_INFO = YES;
				ONLY_ACTIVE_ARCH = YES;
				SDKROOT = iphoneos;
				SWIFT_ACTIVE_COMPILATION_CONDITIONS = DEBUG;
				SWIFT_OPTIMIZATION_LEVEL = "-Onone";
			};
			name = Debug;
		};
		2A27B6331FA1CCD700CE9810 /* Release */ = {
			isa = XCBuildConfiguration;
			buildSettings = {
				ALWAYS_SEARCH_USER_PATHS = NO;
				CLANG_ANALYZER_NONNULL = YES;
				CLANG_ANALYZER_NUMBER_OBJECT_CONVERSION = YES_AGGRESSIVE;
				CLANG_CXX_LANGUAGE_STANDARD = "gnu++14";
				CLANG_CXX_LIBRARY = "libc++";
				CLANG_ENABLE_MODULES = YES;
				CLANG_ENABLE_OBJC_ARC = YES;
				CLANG_WARN_BLOCK_CAPTURE_AUTORELEASING = YES;
				CLANG_WARN_BOOL_CONVERSION = YES;
				CLANG_WARN_COMMA = YES;
				CLANG_WARN_CONSTANT_CONVERSION = YES;
				CLANG_WARN_DIRECT_OBJC_ISA_USAGE = YES_ERROR;
				CLANG_WARN_DOCUMENTATION_COMMENTS = YES;
				CLANG_WARN_EMPTY_BODY = YES;
				CLANG_WARN_ENUM_CONVERSION = YES;
				CLANG_WARN_INFINITE_RECURSION = YES;
				CLANG_WARN_INT_CONVERSION = YES;
				CLANG_WARN_NON_LITERAL_NULL_CONVERSION = YES;
				CLANG_WARN_OBJC_LITERAL_CONVERSION = YES;
				CLANG_WARN_OBJC_ROOT_CLASS = YES_ERROR;
				CLANG_WARN_RANGE_LOOP_ANALYSIS = YES;
				CLANG_WARN_STRICT_PROTOTYPES = YES;
				CLANG_WARN_SUSPICIOUS_MOVE = YES;
				CLANG_WARN_UNGUARDED_AVAILABILITY = YES_AGGRESSIVE;
				CLANG_WARN_UNREACHABLE_CODE = YES;
				CLANG_WARN__DUPLICATE_METHOD_MATCH = YES;
				CODE_SIGN_IDENTITY = "iPhone Developer";
				COPY_PHASE_STRIP = NO;
				DEBUG_INFORMATION_FORMAT = "dwarf-with-dsym";
				ENABLE_NS_ASSERTIONS = NO;
				ENABLE_STRICT_OBJC_MSGSEND = YES;
				GCC_C_LANGUAGE_STANDARD = gnu11;
				GCC_NO_COMMON_BLOCKS = YES;
				GCC_WARN_64_TO_32_BIT_CONVERSION = YES;
				GCC_WARN_ABOUT_RETURN_TYPE = YES_ERROR;
				GCC_WARN_UNDECLARED_SELECTOR = YES;
				GCC_WARN_UNINITIALIZED_AUTOS = YES_AGGRESSIVE;
				GCC_WARN_UNUSED_FUNCTION = YES;
				GCC_WARN_UNUSED_VARIABLE = YES;
				IPHONEOS_DEPLOYMENT_TARGET = 11.0;
				MTL_ENABLE_DEBUG_INFO = NO;
				SDKROOT = iphoneos;
				SWIFT_OPTIMIZATION_LEVEL = "-Owholemodule";
				VALIDATE_PRODUCT = YES;
			};
			name = Release;
		};
		2A27B6351FA1CCD700CE9810 /* Debug */ = {
			isa = XCBuildConfiguration;
			buildSettings = {
				ASSETCATALOG_COMPILER_APPICON_NAME = AppIcon;
				CLANG_ENABLE_MODULES = YES;
				CODE_SIGN_STYLE = Automatic;
				DEVELOPMENT_TEAM = CVSS3A7EHS;
				INFOPLIST_FILE = MFBStockManagement/Info.plist;
				LD_RUNPATH_SEARCH_PATHS = "$(inherited) @executable_path/Frameworks";
				LIBRARY_SEARCH_PATHS = (
					"$(inherited)",
					"$(PROJECT_DIR)/Captuvo/Lib",
				);
				PRODUCT_BUNDLE_IDENTIFIER = MFB.MFBStockManagement;
				PRODUCT_NAME = "$(TARGET_NAME)";
				SWIFT_OBJC_BRIDGING_HEADER = "Captuvo/MFBStockManagement-Bridging-Header.h";
				SWIFT_OPTIMIZATION_LEVEL = "-Onone";
				SWIFT_VERSION = 4.0;
				TARGETED_DEVICE_FAMILY = "1,2";
			};
			name = Debug;
		};
		2A27B6361FA1CCD700CE9810 /* Release */ = {
			isa = XCBuildConfiguration;
			buildSettings = {
				ASSETCATALOG_COMPILER_APPICON_NAME = AppIcon;
				CLANG_ENABLE_MODULES = YES;
				CODE_SIGN_STYLE = Automatic;
				DEVELOPMENT_TEAM = CVSS3A7EHS;
				INFOPLIST_FILE = MFBStockManagement/Info.plist;
				LD_RUNPATH_SEARCH_PATHS = "$(inherited) @executable_path/Frameworks";
				LIBRARY_SEARCH_PATHS = (
					"$(inherited)",
					"$(PROJECT_DIR)/Captuvo/Lib",
				);
				PRODUCT_BUNDLE_IDENTIFIER = MFB.MFBStockManagement;
				PRODUCT_NAME = "$(TARGET_NAME)";
				SWIFT_OBJC_BRIDGING_HEADER = "Captuvo/MFBStockManagement-Bridging-Header.h";
				SWIFT_VERSION = 4.0;
				TARGETED_DEVICE_FAMILY = "1,2";
			};
			name = Release;
		};
/* End XCBuildConfiguration section */

/* Begin XCConfigurationList section */
		2A27B61D1FA1CCD700CE9810 /* Build configuration list for PBXProject "MFBStockManagement" */ = {
			isa = XCConfigurationList;
			buildConfigurations = (
				2A27B6321FA1CCD700CE9810 /* Debug */,
				2A27B6331FA1CCD700CE9810 /* Release */,
			);
			defaultConfigurationIsVisible = 0;
			defaultConfigurationName = Release;
		};
		2A27B6341FA1CCD700CE9810 /* Build configuration list for PBXNativeTarget "MFBStockManagement" */ = {
			isa = XCConfigurationList;
			buildConfigurations = (
				2A27B6351FA1CCD700CE9810 /* Debug */,
				2A27B6361FA1CCD700CE9810 /* Release */,
			);
			defaultConfigurationIsVisible = 0;
			defaultConfigurationName = Release;
		};
/* End XCConfigurationList section */
	};
	rootObject = 2A27B61A1FA1CCD700CE9810 /* Project object */;
}
